
Microsoft Visual Studio Solution File, Format Version 12.00
# Visual Studio 2013
VisualStudioVersion = 12.0.31101.0
MinimumVisualStudioVersion = 10.0.40219.1
Project("{FAE04EC0-301F-11D3-BF4B-00C04F79EFBC}") = "Plugin", "Plugin\Plugin.csproj", "{673EFFAE-960C-4F53-B04F-AAD88A196315}"
EndProject
Project("{FAE04EC0-301F-11D3-BF4B-00C04F79EFBC}") = "Plugin.Mvc", "Plugin.Mvc\Plugin.Mvc.csproj", "{F7E3A616-71D8-4608-90AC-DC345A7FE7E5}"
EndProject
Project("{FAE04EC0-301F-11D3-BF4B-00C04F79EFBC}") = "Plugin.Interfaces", "Plugin.Interfaces\Plugin.Interfaces.csproj", "{93C89467-7B77-4A2A-9C13-0795D94F0A11}"
EndProject
Project("{2150E333-8FDC-42A3-9474-1A3956D46DE8}") = "Libs", "Libs", "{43635B87-1EF1-48E6-B398-8599C1025337}"
EndProject
Project("{2150E333-8FDC-42A3-9474-1A3956D46DE8}") = "App", "App", "{BFFB93E7-55A6-4555-BEDE-51EA7D908CFD}"
EndProject
Project("{FAE04EC0-301F-11D3-BF4B-00C04F79EFBC}") = "WebApplication1", "WebApplication1\WebApplication1.csproj", "{1795BF2A-6BF6-4BEA-BE5D-DBEDB0FA918E}"
	ProjectSection(ProjectDependencies) = postProject
		{F7E3A616-71D8-4608-90AC-DC345A7FE7E5} = {F7E3A616-71D8-4608-90AC-DC345A7FE7E5}
		{673EFFAE-960C-4F53-B04F-AAD88A196315} = {673EFFAE-960C-4F53-B04F-AAD88A196315}
	EndProjectSection
EndProject
Project("{2150E333-8FDC-42A3-9474-1A3956D46DE8}") = "Plugins", "Plugins", "{823663CF-56E8-4ECB-B2CA-3D7184211401}"
EndProject
Project("{FAE04EC0-301F-11D3-BF4B-00C04F79EFBC}") = "Admin", "WebApplication1\Plugins\Admin\Admin.csproj", "{7BFAC19A-7799-499D-86EB-036110984585}"
EndProject
Global
	GlobalSection(SolutionConfigurationPlatforms) = preSolution
		Debug|Any CPU = Debug|Any CPU
		Release|Any CPU = Release|Any CPU
	EndGlobalSection
	GlobalSection(ProjectConfigurationPlatforms) = postSolution
		{673EFFAE-960C-4F53-B04F-AAD88A196315}.Debug|Any CPU.ActiveCfg = Debug|Any CPU
		{673EFFAE-960C-4F53-B04F-AAD88A196315}.Debug|Any CPU.Build.0 = Debug|Any CPU
		{673EFFAE-960C-4F53-B04F-AAD88A196315}.Release|Any CPU.ActiveCfg = Release|Any CPU
		{673EFFAE-960C-4F53-B04F-AAD88A196315}.Release|Any CPU.Build.0 = Release|Any CPU
		{F7E3A616-71D8-4608-90AC-DC345A7FE7E5}.Debug|Any CPU.ActiveCfg = Debug|Any CPU
		{F7E3A616-71D8-4608-90AC-DC345A7FE7E5}.Debug|Any CPU.Build.0 = Debug|Any CPU
		{F7E3A616-71D8-4608-90AC-DC345A7FE7E5}.Release|Any CPU.ActiveCfg = Release|Any CPU
		{F7E3A616-71D8-4608-90AC-DC345A7FE7E5}.Release|Any CPU.Build.0 = Release|Any CPU
		{93C89467-7B77-4A2A-9C13-0795D94F0A11}.Debug|Any CPU.ActiveCfg = Debug|Any CPU
		{93C89467-7B77-4A2A-9C13-0795D94F0A11}.Debug|Any CPU.Build.0 = Debug|Any CPU
		{93C89467-7B77-4A2A-9C13-0795D94F0A11}.Release|Any CPU.ActiveCfg = Release|Any CPU
		{93C89467-7B77-4A2A-9C13-0795D94F0A11}.Release|Any CPU.Build.0 = Release|Any CPU
		{1795BF2A-6BF6-4BEA-BE5D-DBEDB0FA918E}.Debug|Any CPU.ActiveCfg = Debug|Any CPU
		{1795BF2A-6BF6-4BEA-BE5D-DBEDB0FA918E}.Debug|Any CPU.Build.0 = Debug|Any CPU
		{1795BF2A-6BF6-4BEA-BE5D-DBEDB0FA918E}.Release|Any CPU.ActiveCfg = Release|Any CPU
		{1795BF2A-6BF6-4BEA-BE5D-DBEDB0FA918E}.Release|Any CPU.Build.0 = Release|Any CPU
		{7BFAC19A-7799-499D-86EB-036110984585}.Debug|Any CPU.ActiveCfg = Debug|Any CPU
		{7BFAC19A-7799-499D-86EB-036110984585}.Debug|Any CPU.Build.0 = Debug|Any CPU
		{7BFAC19A-7799-499D-86EB-036110984585}.Release|Any CPU.ActiveCfg = Release|Any CPU
		{7BFAC19A-7799-499D-86EB-036110984585}.Release|Any CPU.Build.0 = Release|Any CPU
	EndGlobalSection
	GlobalSection(SolutionProperties) = preSolution
		HideSolutionNode = FALSE
	EndGlobalSection
	GlobalSection(NestedProjects) = preSolution
		{673EFFAE-960C-4F53-B04F-AAD88A196315} = {43635B87-1EF1-48E6-B398-8599C1025337}
		{F7E3A616-71D8-4608-90AC-DC345A7FE7E5} = {43635B87-1EF1-48E6-B398-8599C1025337}
		{93C89467-7B77-4A2A-9C13-0795D94F0A11} = {43635B87-1EF1-48E6-B398-8599C1025337}
		{1795BF2A-6BF6-4BEA-BE5D-DBEDB0FA918E} = {BFFB93E7-55A6-4555-BEDE-51EA7D908CFD}
		{7BFAC19A-7799-499D-86EB-036110984585} = {823663CF-56E8-4ECB-B2CA-3D7184211401}
	EndGlobalSection
EndGlobal
